Microsoft Visual Studio Solution File, Format Version 12.00
# Visual Studio Version 17
VisualStudioVersion = 17.5.2.0
MinimumVisualStudioVersion = 10.0.40219.1
Project("{FAE04EC0-301F-11D3-BF4B-00C04F79EFBC}") = "Difference", "Difference.csproj", "{7D13065B-2BE4-9E0C-4A5B-03DDB2FBF105}"
EndProject
Global
	GlobalSection(SolutionConfigurationPlatforms) = preSolution
		Debug|Any CPU = Debug|Any CPU
		Release|Any CPU = Release|Any CPU
	EndGlobalSection
	GlobalSection(ProjectConfigurationPlatforms) = postSolution
		{7D13065B-2BE4-9E0C-4A5B-03DDB2FBF105}.Debug|Any CPU.ActiveCfg = Debug|Any CPU
		{7D13065B-2BE4-9E0C-4A5B-03DDB2FBF105}.Debug|Any CPU.Build.0 = Debug|Any CPU
		{7D13065B-2BE4-9E0C-4A5B-03DDB2FBF105}.Release|Any CPU.ActiveCfg = Release|Any CPU
		{7D13065B-2BE4-9E0C-4A5B-03DDB2FBF105}.Release|Any CPU.Build.0 = Release|Any CPU
	EndGlobalSection
	GlobalSection(SolutionProperties) = preSolution
		HideSolutionNode = FALSE
	EndGlobalSection
	GlobalSection(ExtensibilityGlobals) = postSolution
		SolutionGuid = {73636A48-4F98-44C3-A974-2DF446F78D73}
	EndGlobalSection
EndGlobal
